// !$*UTF8*$!
{
	archiveVersion = 1;
	classes = {
	};
	objectVersion = 46;
	objects = {

/* Begin PBXBuildFile section */
		E427D94F1C72DD0F00811A60 /* main.m in Sources */ = {isa = PBXBuildFile; fileRef = E427D94E1C72DD0F00811A60 /* main.m */; };
		E427D9521C72DD0F00811A60 /* AppDelegate.m in Sources */ = {isa = PBXBuildFile; fileRef = E427D9511C72DD0F00811A60 /* AppDelegate.m */; };
		E427D9551C72DD0F00811A60 /* ViewController.m in Sources */ = {isa = PBXBuildFile; fileRef = E427D9541C72DD0F00811A60 /* ViewController.m */; };
		E427D9581C72DD0F00811A60 /* Main.storyboard in Resources */ = {isa = PBXBuildFile; fileRef = E427D9561C72DD0F00811A60 /* Main.storyboard */; };
		E427D95A1C72DD0F00811A60 /* Assets.xcassets in Resources */ = {isa = PBXBuildFile; fileRef = E427D9591C72DD0F00811A60 /* Assets.xcassets */; };
		E427D95D1C72DD0F00811A60 /* LaunchScreen.storyboard in Resources */ = {isa = PBXBuildFile; fileRef = E427D95B1C72DD0F00811A60 /* LaunchScreen.storyboard */; };
		E427D9681C72DD0F00811A60 /* SimpleDropdownTests.m in Sources */ = {isa = PBXBuildFile; fileRef = E427D9671C72DD0F00811A60 /* SimpleDropdownTests.m */; };
		E427D9731C72DD0F00811A60 /* SimpleDropdownUITests.m in Sources */ = {isa = PBXBuildFile; fileRef = E427D9721C72DD0F00811A60 /* SimpleDropdownUITests.m */; };
/* End PBXBuildFile section */

/* Begin PBXContainerItemProxy section */
		E427D9641C72DD0F00811A60 /* PBXContainerItemProxy */ = {
			isa = PBXContainerItemProxy;
			containerPortal = E427D9421C72DD0F00811A60 /* Project object */;
			proxyType = 1;
			remoteGlobalIDString = E427D9491C72DD0F00811A60;
			remoteInfo = SimpleDropdown;
		};
		E427D96F1C72DD0F00811A60 /* PBXContainerItemProxy */ = {
			isa = PBXContainerItemProxy;
			containerPortal = E427D9421C72DD0F00811A60 /* Project object */;
			proxyType = 1;
			remoteGlobalIDString = E427D9491C72DD0F00811A60;
			remoteInfo = SimpleDropdown;
		};
/* End PBXContainerItemProxy section */

/* Begin PBXFileReference section */
		E427D94A1C72DD0F00811A60 /* SimpleDropdown.app */ = {isa = PBXFileReference; explicitFileType = wrapper.application; includeInIndex = 0; path = SimpleDropdown.app; sourceTree = BUILT_PRODUCTS_DIR; };
		E427D94E1C72DD0F00811A60 /* main.m */ = {isa = PBXFileReference; lastKnownFileType = sourcecode.c.objc; path = main.m; sourceTree = "<group>"; };
		E427D9501C72DD0F00811A60 /* AppDelegate.h */ = {isa = PBXFileReference; lastKnownFileType = sourcecode.c.h; path = AppDelegate.h; sourceTree = "<group>"; };
		E427D9511C72DD0F00811A60 /* AppDelegate.m */ = {isa = PBXFileReference; lastKnownFileType = sourcecode.c.objc; path = AppDelegate.m; sourceTree = "<group>"; };
		E427D9531C72DD0F00811A60 /* ViewController.h */ = {isa = PBXFileReference; lastKnownFileType = sourcecode.c.h; path = ViewController.h; sourceTree = "<group>"; };
		E427D9541C72DD0F00811A60 /* ViewController.m */ = {isa = PBXFileReference; lastKnownFileType = sourcecode.c.objc; path = ViewController.m; sourceTree = "<group>"; };
		E427D9571C72DD0F00811A60 /* Base */ = {isa = PBXFileReference; lastKnownFileType = file.storyboard; name = Base; path = Base.lproj/Main.storyboard; sourceTree = "<group>"; };
		E427D9591C72DD0F00811A60 /* Assets.xcassets */ = {isa = PBXFileReference; lastKnownFileType = folder.assetcatalog; path = Assets.xcassets; sourceTree = "<group>"; };
		E427D95C1C72DD0F00811A60 /* Base */ = {isa = PBXFileReference; lastKnownFileType = file.storyboard; name = Base; path = Base.lproj/LaunchScreen.storyboard; sourceTree = "<group>"; };
		E427D95E1C72DD0F00811A60 /* Info.plist */ = {isa = PBXFileReference; lastKnownFileType = text.plist.xml; path = Info.plist; sourceTree = "<group>"; };
		E427D9631C72DD0F00811A60 /* SimpleDropdownTests.xctest */ = {isa = PBXFileReference; explicitFileType = wrapper.cfbundle; includeInIndex = 0; path = SimpleDropdownTests.xctest; sourceTree = BUILT_PRODUCTS_DIR; };
		E427D9671C72DD0F00811A60 /* SimpleDropdownTests.m */ = {isa = PBXFileReference; lastKnownFileType = sourcecode.c.objc; path = SimpleDropdownTests.m; sourceTree = "<group>"; };
		E427D9691C72DD0F00811A60 /* Info.plist */ = {isa = PBXFileReference; lastKnownFileType = text.plist.xml; path = Info.plist; sourceTree = "<group>"; };
		E427D96E1C72DD0F00811A60 /* SimpleDropdownUITests.xctest */ = {isa = PBXFileReference; explicitFileType = wrapper.cfbundle; includeInIndex = 0; path = SimpleDropdownUITests.xctest; sourceTree = BUILT_PRODUCTS_DIR; };
		E427D9721C72DD0F00811A60 /* SimpleDropdownUITests.m */ = {isa = PBXFileReference; lastKnownFileType = sourcecode.c.objc; path = SimpleDropdownUITests.m; sourceTree = "<group>"; };
		E427D9741C72DD0F00811A60 /* Info.plist */ = {isa = PBXFileReference; lastKnownFileType = text.plist.xml; path = Info.plist; sourceTree = "<group>"; };
/* End PBXFileReference section */

/* Begin PBXFrameworksBuildPhase section */
		E427D9471C72DD0F00811A60 /* Frameworks */ = {
			isa = PBXFrameworksBuildPhase;
			buildActionMask = 2147483647;
			files = (
			);
			runOnlyForDeploymentPostprocessing = 0;
		};
		E427D9601C72DD0F00811A60 /* Frameworks */ = {
			isa = PBXFrameworksBuildPhase;
			buildActionMask = 2147483647;
			files = (
			);
			runOnlyForDeploymentPostprocessing = 0;
		};
		E427D96B1C72DD0F00811A60 /* Frameworks */ = {
			isa = PBXFrameworksBuildPhase;
			buildActionMask = 2147483647;
			files = (
			);
			runOnlyForDeploymentPostprocessing = 0;
		};
/* End PBXFrameworksBuildPhase section */

/* Begin PBXGroup section */
		E427D9411C72DD0F00811A60 = {
			isa = PBXGroup;
			children = (
				E427D94C1C72DD0F00811A60 /* SimpleDropdown */,
				E427D9661C72DD0F00811A60 /* SimpleDropdownTests */,
				E427D9711C72DD0F00811A60 /* SimpleDropdownUITests */,
				E427D94B1C72DD0F00811A60 /* Products */,
			);
			sourceTree = "<group>";
		};
		E427D94B1C72DD0F00811A60 /* Products */ = {
			isa = PBXGroup;
			children = (
				E427D94A1C72DD0F00811A60 /* SimpleDropdown.app */,
				E427D9631C72DD0F00811A60 /* SimpleDropdownTests.xctest */,
				E427D96E1C72DD0F00811A60 /* SimpleDropdownUITests.xctest */,
			);
			name = Products;
			sourceTree = "<group>";
		};
		E427D94C1C72DD0F00811A60 /* SimpleDropdown */ = {
			isa = PBXGroup;
			children = (
				E427D9501C72DD0F00811A60 /* AppDelegate.h */,
				E427D9511C72DD0F00811A60 /* AppDelegate.m */,
				E427D9531C72DD0F00811A60 /* ViewController.h */,
				E427D9541C72DD0F00811A60 /* ViewController.m */,
				E427D9561C72DD0F00811A60 /* Main.storyboard */,
				E427D9591C72DD0F00811A60 /* Assets.xcassets */,
				E427D95B1C72DD0F00811A60 /* LaunchScreen.storyboard */,
				E427D95E1C72DD0F00811A60 /* Info.plist */,
				E427D94D1C72DD0F00811A60 /* Supporting Files */,
			);
			path = SimpleDropdown;
			sourceTree = "<group>";
		};
		E427D94D1C72DD0F00811A60 /* Supporting Files */ = {
			isa = PBXGroup;
			children = (
				E427D94E1C72DD0F00811A60 /* main.m */,
			);
			name = "Supporting Files";
			sourceTree = "<group>";
		};
		E427D9661C72DD0F00811A60 /* SimpleDropdownTests */ = {
			isa = PBXGroup;
			children = (
				E427D9671C72DD0F00811A60 /* SimpleDropdownTests.m */,
				E427D9691C72DD0F00811A60 /* Info.plist */,
			);
			path = SimpleDropdownTests;
			sourceTree = "<group>";
		};
		E427D9711C72DD0F00811A60 /* SimpleDropdownUITests */ = {
			isa = PBXGroup;
			children = (
				E427D9721C72DD0F00811A60 /* SimpleDropdownUITests.m */,
				E427D9741C72DD0F00811A60 /* Info.plist */,
			);
			path = SimpleDropdownUITests;
			sourceTree = "<group>";
		};
/* End PBXGroup section */

/* Begin PBXNativeTarget section */
		E427D9491C72DD0F00811A60 /* SimpleDropdown */ = {
			isa = PBXNativeTarget;
			buildConfigurationList = E427D9771C72DD0F00811A60 /* Build configuration list for PBXNativeTarget "SimpleDropdown" */;
			buildPhases = (
				E427D9461C72DD0F00811A60 /* Sources */,
				E427D9471C72DD0F00811A60 /* Frameworks */,
				E427D9481C72DD0F00811A60 /* Resources */,
			);
			buildRules = (
			);
			dependencies = (
			);
			name = SimpleDropdown;
			productName = SimpleDropdown;
			productReference = E427D94A1C72DD0F00811A60 /* SimpleDropdown.app */;
			productType = "com.apple.product-type.application";
		};
		E427D9621C72DD0F00811A60 /* SimpleDropdownTests */ = {
			isa = PBXNativeTarget;
			buildConfigurationList = E427D97A1C72DD0F00811A60 /* Build configuration list for PBXNativeTarget "SimpleDropdownTests" */;
			buildPhases = (
				E427D95F1C72DD0F00811A60 /* Sources */,
				E427D9601C72DD0F00811A60 /* Frameworks */,
				E427D9611C72DD0F00811A60 /* Resources */,
			);
			buildRules = (
			);
			dependencies = (
				E427D9651C72DD0F00811A60 /* PBXTargetDependency */,
			);
			name = SimpleDropdownTests;
			productName = SimpleDropdownTests;
			productReference = E427D9631C72DD0F00811A60 /* SimpleDropdownTests.xctest */;
			productType = "com.apple.product-type.bundle.unit-test";
		};
		E427D96D1C72DD0F00811A60 /* SimpleDropdownUITests */ = {
			isa = PBXNativeTarget;
			buildConfigurationList = E427D97D1C72DD0F00811A60 /* Build configuration list for PBXNativeTarget "SimpleDropdownUITests" */;
			buildPhases = (
				E427D96A1C72DD0F00811A60 /* Sources */,
				E427D96B1C72DD0F00811A60 /* Frameworks */,
				E427D96C1C72DD0F00811A60 /* Resources */,
			);
			buildRules = (
			);
			dependencies = (
				E427D9701C72DD0F00811A60 /* PBXTargetDependency */,
			);
			name = SimpleDropdownUITests;
			productName = SimpleDropdownUITests;
			productReference = E427D96E1C72DD0F00811A60 /* SimpleDropdownUITests.xctest */;
			productType = "com.apple.product-type.bundle.ui-testing";
		};
/* End PBXNativeTarget section */

/* Begin PBXProject section */
		E427D9421C72DD0F00811A60 /* Project object */ = {
			isa = PBXProject;
			attributes = {
				LastUpgradeCheck = 0700;
				ORGANIZATIONNAME = cwah;
				TargetAttributes = {
					E427D9491C72DD0F00811A60 = {
						CreatedOnToolsVersion = 7.0;
					};
					E427D9621C72DD0F00811A60 = {
						CreatedOnToolsVersion = 7.0;
						TestTargetID = E427D9491C72DD0F00811A60;
					};
					E427D96D1C72DD0F00811A60 = {
						CreatedOnToolsVersion = 7.0;
						TestTargetID = E427D9491C72DD0F00811A60;
					};
				};
			};
			buildConfigurationList = E427D9451C72DD0F00811A60 /* Build configuration list for PBXProject "SimpleDropdown" */;
			compatibilityVersion = "Xcode 3.2";
			developmentRegion = English;
			hasScannedForEncodings = 0;
			knownRegions = (
				en,
				Base,
			);
			mainGroup = E427D9411C72DD0F00811A60;
			productRefGroup = E427D94B1C72DD0F00811A60 /* Products */;
			projectDirPath = "";
			projectRoot = "";
			targets = (
				E427D9491C72DD0F00811A60 /* SimpleDropdown */,
				E427D9621C72DD0F00811A60 /* SimpleDropdownTests */,
				E427D96D1C72DD0F00811A60 /* SimpleDropdownUITests */,
			);
		};
/* End PBXProject section */

/* Begin PBXResourcesBuildPhase section */
		E427D9481C72DD0F00811A60 /* Resources */ = {
			isa = PBXResourcesBuildPhase;
			buildActionMask = 2147483647;
			files = (
				E427D95D1C72DD0F00811A60 /* LaunchScreen.storyboard in Resources */,
				E427D95A1C72DD0F00811A60 /* Assets.xcassets in Resources */,
				E427D9581C72DD0F00811A60 /* Main.storyboard in Resources */,
			);
			runOnlyForDeploymentPostprocessing = 0;
		};
		E427D9611C72DD0F00811A60 /* Resources */ = {
			isa = PBXResourcesBuildPhase;
			buildActionMask = 2147483647;
			files = (
			);
			runOnlyForDeploymentPostprocessing = 0;
		};
		E427D96C1C72DD0F00811A60 /* Resources */ = {
			isa = PBXResourcesBuildPhase;
			buildActionMask = 2147483647;
			files = (
			);
			runOnlyForDeploymentPostprocessing = 0;
		};
/* End PBXResourcesBuildPhase section */

/* Begin PBXSourcesBuildPhase section */
		E427D9461C72DD0F00811A60 /* Sources */ = {
			isa = PBXSourcesBuildPhase;
			buildActionMask = 2147483647;
			files = (
				E427D9551C72DD0F00811A60 /* ViewController.m in Sources */,
				E427D9521C72DD0F00811A60 /* AppDelegate.m in Sources */,
				E427D94F1C72DD0F00811A60 /* main.m in Sources */,
			);
			runOnlyForDeploymentPostprocessing = 0;
		};
		E427D95F1C72DD0F00811A60 /* Sources */ = {
			isa = PBXSourcesBuildPhase;
			buildActionMask = 2147483647;
			files = (
				E427D9681C72DD0F00811A60 /* SimpleDropdownTests.m in Sources */,
			);
			runOnlyForDeploymentPostprocessing = 0;
		};
		E427D96A1C72DD0F00811A60 /* Sources */ = {
			isa = PBXSourcesBuildPhase;
			buildActionMask = 2147483647;
			files = (
				E427D9731C72DD0F00811A60 /* SimpleDropdownUITests.m in Sources */,
			);
			runOnlyForDeploymentPostprocessing = 0;
		};
/* End PBXSourcesBuildPhase section */

/* Begin PBXTargetDependency section */
		E427D9651C72DD0F00811A60 /* PBXTargetDependency */ = {
			isa = PBXTargetDependency;
			target = E427D9491C72DD0F00811A60 /* SimpleDropdown */;
			targetProxy = E427D9641C72DD0F00811A60 /* PBXContainerItemProxy */;
		};
		E427D9701C72DD0F00811A60 /* PBXTargetDependency */ = {
			isa = PBXTargetDependency;
			target = E427D9491C72DD0F00811A60 /* SimpleDropdown */;
			targetProxy = E427D96F1C72DD0F00811A60 /* PBXContainerItemProxy */;
		};
/* End PBXTargetDependency section */

/* Begin PBXVariantGroup section */
		E427D9561C72DD0F00811A60 /* Main.storyboard */ = {
			isa = PBXVariantGroup;
			children = (
				E427D9571C72DD0F00811A60 /* Base */,
			);
			name = Main.storyboard;
			sourceTree = "<group>";
		};
		E427D95B1C72DD0F00811A60 /* LaunchScreen.storyboard */ = {
			isa = PBXVariantGroup;
			children = (
				E427D95C1C72DD0F00811A60 /* Base */,
			);
			name = LaunchScreen.storyboard;
			sourceTree = "<group>";
		};
/* End PBXVariantGroup section */

/* Begin XCBuildConfiguration section */
		E427D9751C72DD0F00811A60 /* Debug */ = {
			isa = XCBuildConfiguration;
			buildSettings = {
				ALWAYS_SEARCH_USER_PATHS = NO;
				CLANG_CXX_LANGUAGE_STANDARD = "gnu++0x";
				CLANG_CXX_LIBRARY = "libc++";
				CLANG_ENABLE_MODULES = YES;
				CLANG_ENABLE_OBJC_ARC = YES;
				CLANG_WARN_BOOL_CONVERSION = YES;
				CLANG_WARN_CONSTANT_CONVERSION = YES;
				CLANG_WARN_DIRECT_OBJC_ISA_USAGE = YES_ERROR;
				CLANG_WARN_EMPTY_BODY = YES;
				CLANG_WARN_ENUM_CONVERSION = YES;
				CLANG_WARN_INT_CONVERSION = YES;
				CLANG_WARN_OBJC_ROOT_CLASS = YES_ERROR;
				CLANG_WARN_UNREACHABLE_CODE = YES;
				CLANG_WARN__DUPLICATE_METHOD_MATCH = YES;
				"CODE_SIGN_IDENTITY[sdk=iphoneos*]" = "iPhone Developer";
				COPY_PHASE_STRIP = NO;
				DEBUG_INFORMATION_FORMAT = dwarf;
				ENABLE_STRICT_OBJC_MSGSEND = YES;
				ENABLE_TESTABILITY = YES;
				GCC_C_LANGUAGE_STANDARD = gnu99;
				GCC_DYNAMIC_NO_PIC = NO;
				GCC_NO_COMMON_BLOCKS = YES;
				GCC_OPTIMIZATION_LEVEL = 0;
				GCC_PREPROCESSOR_DEFINITIONS = (
					"DEBUG=1",
					"$(inherited)",
				);
				GCC_WARN_64_TO_32_BIT_CONVERSION = YES;
				GCC_WARN_ABOUT_RETURN_TYPE = YES_ERROR;
				GCC_WARN_UNDECLARED_SELECTOR = YES;
				GCC_WARN_UNINITIALIZED_AUTOS = YES_AGGRESSIVE;
				GCC_WARN_UNUSED_FUNCTION = YES;
				GCC_WARN_UNUSED_VARIABLE = YES;
				IPHONEOS_DEPLOYMENT_TARGET = 9.0;
				MTL_ENABLE_DEBUG_INFO = YES;
				ONLY_ACTIVE_ARCH = YES;
				SDKROOT = iphoneos;
			};
			name = Debug;
		};
		E427D9761C72DD0F00811A60 /* Release */ = {
			isa = XCBuildConfiguration;
			buildSettings = {
				ALWAYS_SEARCH_USER_PATHS = NO;
				CLANG_CXX_LANGUAGE_STANDARD = "gnu++0x";
				CLANG_CXX_LIBRARY = "libc++";
				CLANG_ENABLE_MODULES = YES;
				CLANG_ENABLE_OBJC_ARC = YES;
				CLANG_WARN_BOOL_CONVERSION = YES;
				CLANG_WARN_CONSTANT_CONVERSION = YES;
				CLANG_WARN_DIRECT_OBJC_ISA_USAGE = YES_ERROR;
				CLANG_WARN_EMPTY_BODY = YES;
				CLANG_WARN_ENUM_CONVERSION = YES;
				CLANG_WARN_INT_CONVERSION = YES;
				CLANG_WARN_OBJC_ROOT_CLASS = YES_ERROR;
				CLANG_WARN_UNREACHABLE_CODE = YES;
				CLANG_WARN__DUPLICATE_METHOD_MATCH = YES;
				"CODE_SIGN_IDENTITY[sdk=iphoneos*]" = "iPhone Developer";
				COPY_PHASE_STRIP = NO;
				DEBUG_INFORMATION_FORMAT = "dwarf-with-dsym";
				ENABLE_NS_ASSERTIONS = NO;
				ENABLE_STRICT_OBJC_MSGSEND = YES;
				GCC_C_LANGUAGE_STANDARD = gnu99;
				GCC_NO_COMMON_BLOCKS = YES;
				GCC_WARN_64_TO_32_BIT_CONVERSION = YES;
				GCC_WARN_ABOUT_RETURN_TYPE = YES_ERROR;
				GCC_WARN_UNDECLARED_SELECTOR = YES;
				GCC_WARN_UNINITIALIZED_AUTOS = YES_AGGRESSIVE;
				GCC_WARN_UNUSED_FUNCTION = YES;
				GCC_WARN_UNUSED_VARIABLE = YES;
				IPHONEOS_DEPLOYMENT_TARGET = 9.0;
				MTL_ENABLE_DEBUG_INFO = NO;
				SDKROOT = iphoneos;
				VALIDATE_PRODUCT = YES;
			};
			name = Release;
		};
		E427D9781C72DD0F00811A60 /* Debug */ = {
			isa = XCBuildConfiguration;
			buildSettings = {
				ASSETCATALOG_COMPILER_APPICON_NAME = AppIcon;
				INFOPLIST_FILE = SimpleDropdown/Info.plist;
				LD_RUNPATH_SEARCH_PATHS = "$(inherited) @executable_path/Frameworks";
				PRODUCT_BUNDLE_IDENTIFIER = com.cwah.SimpleDropdown;
				PRODUCT_NAME = "$(TARGET_NAME)";
			};
			name = Debug;
		};
		E427D9791C72DD0F00811A60 /* Release */ = {
			isa = XCBuildConfiguration;
			buildSettings = {
				ASSETCATALOG_COMPILER_APPICON_NAME = AppIcon;
				INFOPLIST_FILE = SimpleDropdown/Info.plist;
				LD_RUNPATH_SEARCH_PATHS = "$(inherited) @executable_path/Frameworks";
				PRODUCT_BUNDLE_IDENTIFIER = com.cwah.SimpleDropdown;
				PRODUCT_NAME = "$(TARGET_NAME)";
			};
			name = Release;
		};
		E427D97B1C72DD0F00811A60 /* Debug */ = {
			isa = XCBuildConfiguration;
			buildSettings = {
				BUNDLE_LOADER = "$(TEST_HOST)";
				INFOPLIST_FILE = SimpleDropdownTests/Info.plist;
				LD_RUNPATH_SEARCH_PATHS = "$(inherited) @executable_path/Frameworks @loader_path/Frameworks";
				PRODUCT_BUNDLE_IDENTIFIER = com.cwah.SimpleDropdownTests;
				PRODUCT_NAME = "$(TARGET_NAME)";
				TEST_HOST = "$(BUILT_PRODUCTS_DIR)/SimpleDropdown.app/SimpleDropdown";
			};
			name = Debug;
		};
		E427D97C1C72DD0F00811A60 /* Release */ = {
			isa = XCBuildConfiguration;
			buildSettings = {
				BUNDLE_LOADER = "$(TEST_HOST)";
				INFOPLIST_FILE = SimpleDropdownTests/Info.plist;
				LD_RUNPATH_SEARCH_PATHS = "$(inherited) @executable_path/Frameworks @loader_path/Frameworks";
				PRODUCT_BUNDLE_IDENTIFIER = com.cwah.SimpleDropdownTests;
				PRODUCT_NAME = "$(TARGET_NAME)";
				TEST_HOST = "$(BUILT_PRODUCTS_DIR)/SimpleDropdown.app/SimpleDropdown";
			};
			name = Release;
		};
		E427D97E1C72DD0F00811A60 /* Debug */ = {
			isa = XCBuildConfiguration;
			buildSettings = {
				INFOPLIST_FILE = SimpleDropdownUITests/Info.plist;
				LD_RUNPATH_SEARCH_PATHS = "$(inherited) @executable_path/Frameworks @loader_path/Frameworks";
				PRODUCT_BUNDLE_IDENTIFIER = com.cwah.SimpleDropdownUITests;
				PRODUCT_NAME = "$(TARGET_NAME)";
				TEST_TARGET_NAME = SimpleDropdown;
				USES_XCTRUNNER = YES;
			};
			name = Debug;
		};
		E427D97F1C72DD0F00811A60 /* Release */ = {
			isa = XCBuildConfiguration;
			buildSettings = {
				INFOPLIST_FILE = SimpleDropdownUITests/Info.plist;
				LD_RUNPATH_SEARCH_PATHS = "$(inherited) @executable_path/Frameworks @loader_path/Frameworks";
				PRODUCT_BUNDLE_IDENTIFIER = com.cwah.SimpleDropdownUITests;
				PRODUCT_NAME = "$(TARGET_NAME)";
				TEST_TARGET_NAME = SimpleDropdown;
				USES_XCTRUNNER = YES;
			};
			name = Release;
		};
/* End XCBuildConfiguration section */

/* Begin XCConfigurationList section */
		E427D9451C72DD0F00811A60 /* Build configuration list for PBXProject "SimpleDropdown" */ = {
			isa = XCConfigurationList;
			buildConfigurations = (
				E427D9751C72DD0F00811A60 /* Debug */,
				E427D9761C72DD0F00811A60 /* Release */,
			);
			defaultConfigurationIsVisible = 0;
			defaultConfigurationName = Release;
		};
		E427D9771C72DD0F00811A60 /* Build configuration list for PBXNativeTarget "SimpleDropdown" */ = {
			isa = XCConfigurationList;
			buildConfigurations = (
				E427D9781C72DD0F00811A60 /* Debug */,
				E427D9791C72DD0F00811A60 /* Release */,
			);
			defaultConfigurationIsVisible = 0;
		};
		E427D97A1C72DD0F00811A60 /* Build configuration list for PBXNativeTarget "SimpleDropdownTests" */ = {
			isa = XCConfigurationList;
			buildConfigurations = (
				E427D97B1C72DD0F00811A60 /* Debug */,
				E427D97C1C72DD0F00811A60 /* Release */,
			);
			defaultConfigurationIsVisible = 0;
		};
		E427D97D1C72DD0F00811A60 /* Build configuration list for PBXNativeTarget "SimpleDropdownUITests" */ = {
			isa = XCConfigurationList;
			buildConfigurations = (
				E427D97E1C72DD0F00811A60 /* Debug */,
				E427D97F1C72DD0F00811A60 /* Release */,
			);
			defaultConfigurationIsVisible = 0;
		};
/* End XCConfigurationList section */
	};
	rootObject = E427D9421C72DD0F00811A60 /* Project object */;
}
